// !$*UTF8*$!
{
	archiveVersion = 1;
	classes = {
	};
	objectVersion = 46;
	objects = {

/* Begin PBXBuildFile section */
		C250B5A91C5FB2120004FBF9 /* AppDelegate.swift in Sources */ = {isa = PBXBuildFile; fileRef = C250B5A81C5FB2120004FBF9 /* AppDelegate.swift */; };
		C250B5AB1C5FB2120004FBF9 /* ViewController.swift in Sources */ = {isa = PBXBuildFile; fileRef = C250B5AA1C5FB2120004FBF9 /* ViewController.swift */; };
		C250B5AE1C5FB2120004FBF9 /* Main.storyboard in Resources */ = {isa = PBXBuildFile; fileRef = C250B5AC1C5FB2120004FBF9 /* Main.storyboard */; };
		C250B5B01C5FB2120004FBF9 /* Assets.xcassets in Resources */ = {isa = PBXBuildFile; fileRef = C250B5AF1C5FB2120004FBF9 /* Assets.xcassets */; };
		C250B5B31C5FB2120004FBF9 /* LaunchScreen.storyboard in Resources */ = {isa = PBXBuildFile; fileRef = C250B5B11C5FB2120004FBF9 /* LaunchScreen.storyboard */; };
		C250B5BE1C5FB2120004FBF9 /* WorkshopTests.swift in Sources */ = {isa = PBXBuildFile; fileRef = C250B5BD1C5FB2120004FBF9 /* WorkshopTests.swift */; };
/* End PBXBuildFile section */

/* Begin PBXContainerItemProxy section */
		C250B5BA1C5FB2120004FBF9 /* PBXContainerItemProxy */ = {
			isa = PBXContainerItemProxy;
			containerPortal = C250B59D1C5FB2120004FBF9 /* Project object */;
			proxyType = 1;
			remoteGlobalIDString = C250B5A41C5FB2120004FBF9;
			remoteInfo = Workshop;
		};
/* End PBXContainerItemProxy section */

/* Begin PBXFileReference section */
		C250B5A51C5FB2120004FBF9 /* Workshop.app */ = {isa = PBXFileReference; explicitFileType = wrapper.application; includeInIndex = 0; path = Workshop.app; sourceTree = BUILT_PRODUCTS_DIR; };
		C250B5A81C5FB2120004FBF9 /* AppDelegate.swift */ = {isa = PBXFileReference; lastKnownFileType = sourcecode.swift; path = AppDelegate.swift; sourceTree = "<group>"; };
		C250B5AA1C5FB2120004FBF9 /* ViewController.swift */ = {isa = PBXFileReference; lastKnownFileType = sourcecode.swift; path = ViewController.swift; sourceTree = "<group>"; };
		C250B5AD1C5FB2120004FBF9 /* Base */ = {isa = PBXFileReference; lastKnownFileType = file.storyboard; name = Base; path = Base.lproj/Main.storyboard; sourceTree = "<group>"; };
		C250B5AF1C5FB2120004FBF9 /* Assets.xcassets */ = {isa = PBXFileReference; lastKnownFileType = folder.assetcatalog; path = Assets.xcassets; sourceTree = "<group>"; };
		C250B5B21C5FB2120004FBF9 /* Base */ = {isa = PBXFileReference; lastKnownFileType = file.storyboard; name = Base; path = Base.lproj/LaunchScreen.storyboard; sourceTree = "<group>"; };
		C250B5B41C5FB2120004FBF9 /* Info.plist */ = {isa = PBXFileReference; lastKnownFileType = text.plist.xml; path = Info.plist; sourceTree = "<group>"; };
		C250B5B91C5FB2120004FBF9 /* WorkshopTests.xctest */ = {isa = PBXFileReference; explicitFileType = wrapper.cfbundle; includeInIndex = 0; path = WorkshopTests.xctest; sourceTree = BUILT_PRODUCTS_DIR; };
		C250B5BD1C5FB2120004FBF9 /* WorkshopTests.swift */ = {isa = PBXFileReference; lastKnownFileType = sourcecode.swift; path = WorkshopTests.swift; sourceTree = "<group>"; };
		C250B5BF1C5FB2120004FBF9 /* Info.plist */ = {isa = PBXFileReference; lastKnownFileType = text.plist.xml; path = Info.plist; sourceTree = "<group>"; };
/* End PBXFileReference section */

/* Begin PBXFrameworksBuildPhase section */
		C250B5A21C5FB2120004FBF9 /* Frameworks */ = {
			isa = PBXFrameworksBuildPhase;
			buildActionMask = 2147483647;
			files = (
			);
			runOnlyForDeploymentPostprocessing = 0;
		};
		C250B5B61C5FB2120004FBF9 /* Frameworks */ = {
			isa = PBXFrameworksBuildPhase;
			buildActionMask = 2147483647;
			files = (
			);
			runOnlyForDeploymentPostprocessing = 0;
		};
/* End PBXFrameworksBuildPhase section */

/* Begin PBXGroup section */
		C250B59C1C5FB2120004FBF9 = {
			isa = PBXGroup;
			children = (
				C250B5A71C5FB2120004FBF9 /* Workshop */,
				C250B5BC1C5FB2120004FBF9 /* WorkshopTests */,
				C250B5A61C5FB2120004FBF9 /* Products */,
			);
			sourceTree = "<group>";
		};
		C250B5A61C5FB2120004FBF9 /* Products */ = {
			isa = PBXGroup;
			children = (
				C250B5A51C5FB2120004FBF9 /* Workshop.app */,
				C250B5B91C5FB2120004FBF9 /* WorkshopTests.xctest */,
			);
			name = Products;
			sourceTree = "<group>";
		};
		C250B5A71C5FB2120004FBF9 /* Workshop */ = {
			isa = PBXGroup;
			children = (
				C250B5A81C5FB2120004FBF9 /* AppDelegate.swift */,
				C250B5AA1C5FB2120004FBF9 /* ViewController.swift */,
				C250B5AC1C5FB2120004FBF9 /* Main.storyboard */,
				C250B5AF1C5FB2120004FBF9 /* Assets.xcassets */,
				C250B5B11C5FB2120004FBF9 /* LaunchScreen.storyboard */,
				C250B5B41C5FB2120004FBF9 /* Info.plist */,
			);
			path = Workshop;
			sourceTree = "<group>";
		};
		C250B5BC1C5FB2120004FBF9 /* WorkshopTests */ = {
			isa = PBXGroup;
			children = (
				C250B5BD1C5FB2120004FBF9 /* WorkshopTests.swift */,
				C250B5BF1C5FB2120004FBF9 /* Info.plist */,
			);
			path = WorkshopTests;
			sourceTree = "<group>";
		};
/* End PBXGroup section */

/* Begin PBXNativeTarget section */
		C250B5A41C5FB2120004FBF9 /* Workshop */ = {
			isa = PBXNativeTarget;
			buildConfigurationList = C250B5C21C5FB2120004FBF9 /* Build configuration list for PBXNativeTarget "Workshop" */;
			buildPhases = (
				C250B5A11C5FB2120004FBF9 /* Sources */,
				C250B5A21C5FB2120004FBF9 /* Frameworks */,
				C250B5A31C5FB2120004FBF9 /* Resources */,
			);
			buildRules = (
			);
			dependencies = (
			);
			name = Workshop;
			productName = Workshop;
			productReference = C250B5A51C5FB2120004FBF9 /* Workshop.app */;
			productType = "com.apple.product-type.application";
		};
		C250B5B81C5FB2120004FBF9 /* WorkshopTests */ = {
			isa = PBXNativeTarget;
			buildConfigurationList = C250B5C51C5FB2120004FBF9 /* Build configuration list for PBXNativeTarget "WorkshopTests" */;
			buildPhases = (
				C250B5B51C5FB2120004FBF9 /* Sources */,
				C250B5B61C5FB2120004FBF9 /* Frameworks */,
				C250B5B71C5FB2120004FBF9 /* Resources */,
			);
			buildRules = (
			);
			dependencies = (
				C250B5BB1C5FB2120004FBF9 /* PBXTargetDependency */,
			);
			name = WorkshopTests;
			productName = WorkshopTests;
			productReference = C250B5B91C5FB2120004FBF9 /* WorkshopTests.xctest */;
			productType = "com.apple.product-type.bundle.unit-test";
		};
/* End PBXNativeTarget section */

/* Begin PBXProject section */
		C250B59D1C5FB2120004FBF9 /* Project object */ = {
			isa = PBXProject;
			attributes = {
				LastSwiftUpdateCheck = 0720;
				LastUpgradeCheck = 0720;
				ORGANIZATIONNAME = "Stefan Wirth";
				TargetAttributes = {
					C250B5A41C5FB2120004FBF9 = {
						CreatedOnToolsVersion = 7.2;
					};
					C250B5B81C5FB2120004FBF9 = {
						CreatedOnToolsVersion = 7.2;
						TestTargetID = C250B5A41C5FB2120004FBF9;
					};
				};
			};
			buildConfigurationList = C250B5A01C5FB2120004FBF9 /* Build configuration list for PBXProject "Workshop" */;
			compatibilityVersion = "Xcode 3.2";
			developmentRegion = English;
			hasScannedForEncodings = 0;
			knownRegions = (
				en,
				Base,
			);
			mainGroup = C250B59C1C5FB2120004FBF9;
			productRefGroup = C250B5A61C5FB2120004FBF9 /* Products */;
			projectDirPath = "";
			projectRoot = "";
			targets = (
				C250B5A41C5FB2120004FBF9 /* Workshop */,
				C250B5B81C5FB2120004FBF9 /* WorkshopTests */,
			);
		};
/* End PBXProject section */

/* Begin PBXResourcesBuildPhase section */
		C250B5A31C5FB2120004FBF9 /* Resources */ = {
			isa = PBXResourcesBuildPhase;
			buildActionMask = 2147483647;
			files = (
				C250B5B31C5FB2120004FBF9 /* LaunchScreen.storyboard in Resources */,
				C250B5B01C5FB2120004FBF9 /* Assets.xcassets in Resources */,
				C250B5AE1C5FB2120004FBF9 /* Main.storyboard in Resources */,
			);
			runOnlyForDeploymentPostprocessing = 0;
		};
		C250B5B71C5FB2120004FBF9 /* Resources */ = {
			isa = PBXResourcesBuildPhase;
			buildActionMask = 2147483647;
			files = (
			);
			runOnlyForDeploymentPostprocessing = 0;
		};
/* End PBXResourcesBuildPhase section */

/* Begin PBXSourcesBuildPhase section */
		C250B5A11C5FB2120004FBF9 /* Sources */ = {
			isa = PBXSourcesBuildPhase;
			buildActionMask = 2147483647;
			files = (
				C250B5AB1C5FB2120004FBF9 /* ViewController.swift in Sources */,
				C250B5A91C5FB2120004FBF9 /* AppDelegate.swift in Sources */,
			);
			runOnlyForDeploymentPostprocessing = 0;
		};
		C250B5B51C5FB2120004FBF9 /* Sources */ = {
			isa = PBXSourcesBuildPhase;
			buildActionMask = 2147483647;
			files = (
				C250B5BE1C5FB2120004FBF9 /* WorkshopTests.swift in Sources */,
			);
			runOnlyForDeploymentPostprocessing = 0;
		};
/* End PBXSourcesBuildPhase section */

/* Begin PBXTargetDependency section */
		C250B5BB1C5FB2120004FBF9 /* PBXTargetDependency */ = {
			isa = PBXTargetDependency;
			target = C250B5A41C5FB2120004FBF9 /* Workshop */;
			targetProxy = C250B5BA1C5FB2120004FBF9 /* PBXContainerItemProxy */;
		};
/* End PBXTargetDependency section */

/* Begin PBXVariantGroup section */
		C250B5AC1C5FB2120004FBF9 /* Main.storyboard */ = {
			isa = PBXVariantGroup;
			children = (
				C250B5AD1C5FB2120004FBF9 /* Base */,
			);
			name = Main.storyboard;
			sourceTree = "<group>";
		};
		C250B5B11C5FB2120004FBF9 /* LaunchScreen.storyboard */ = {
			isa = PBXVariantGroup;
			children = (
				C250B5B21C5FB2120004FBF9 /* Base */,
			);
			name = LaunchScreen.storyboard;
			sourceTree = "<group>";
		};
/* End PBXVariantGroup section */

/* Begin XCBuildConfiguration section */
		C250B5C01C5FB2120004FBF9 /* Debug */ = {
			isa = XCBuildConfiguration;
			buildSettings = {
				ALWAYS_SEARCH_USER_PATHS = NO;
				CLANG_CXX_LANGUAGE_STANDARD = "gnu++0x";
				CLANG_CXX_LIBRARY = "libc++";
				CLANG_ENABLE_MODULES = YES;
				CLANG_ENABLE_OBJC_ARC = YES;
				CLANG_WARN_BOOL_CONVERSION = YES;
				CLANG_WARN_CONSTANT_CONVERSION = YES;
				CLANG_WARN_DIRECT_OBJC_ISA_USAGE = YES_ERROR;
				CLANG_WARN_EMPTY_BODY = YES;
				CLANG_WARN_ENUM_CONVERSION = YES;
				CLANG_WARN_INT_CONVERSION = YES;
				CLANG_WARN_OBJC_ROOT_CLASS = YES_ERROR;
				CLANG_WARN_UNREACHABLE_CODE = YES;
				CLANG_WARN__DUPLICATE_METHOD_MATCH = YES;
				"CODE_SIGN_IDENTITY[sdk=iphoneos*]" = "iPhone Developer";
				COPY_PHASE_STRIP = NO;
				DEBUG_INFORMATION_FORMAT = dwarf;
				ENABLE_STRICT_OBJC_MSGSEND = YES;
				ENABLE_TESTABILITY = YES;
				GCC_C_LANGUAGE_STANDARD = gnu99;
				GCC_DYNAMIC_NO_PIC = NO;
				GCC_NO_COMMON_BLOCKS = YES;
				GCC_OPTIMIZATION_LEVEL = 0;
				GCC_PREPROCESSOR_DEFINITIONS = (
					"DEBUG=1",
					"$(inherited)",
				);
				GCC_WARN_64_TO_32_BIT_CONVERSION = YES;
				GCC_WARN_ABOUT_RETURN_TYPE = YES_ERROR;
				GCC_WARN_UNDECLARED_SELECTOR = YES;
				GCC_WARN_UNINITIALIZED_AUTOS = YES_AGGRESSIVE;
				GCC_WARN_UNUSED_FUNCTION = YES;
				GCC_WARN_UNUSED_VARIABLE = YES;
				IPHONEOS_DEPLOYMENT_TARGET = 9.2;
				MTL_ENABLE_DEBUG_INFO = YES;
				ONLY_ACTIVE_ARCH = YES;
				SDKROOT = iphoneos;
				SWIFT_OPTIMIZATION_LEVEL = "-Onone";
			};
			name = Debug;
		};
		C250B5C11C5FB2120004FBF9 /* Release */ = {
			isa = XCBuildConfiguration;
			buildSettings = {
				ALWAYS_SEARCH_USER_PATHS = NO;
				CLANG_CXX_LANGUAGE_STANDARD = "gnu++0x";
				CLANG_CXX_LIBRARY = "libc++";
				CLANG_ENABLE_MODULES = YES;
				CLANG_ENABLE_OBJC_ARC = YES;
				CLANG_WARN_BOOL_CONVERSION = YES;
				CLANG_WARN_CONSTANT_CONVERSION = YES;
				CLANG_WARN_DIRECT_OBJC_ISA_USAGE = YES_ERROR;
				CLANG_WARN_EMPTY_BODY = YES;
				CLANG_WARN_ENUM_CONVERSION = YES;
				CLANG_WARN_INT_CONVERSION = YES;
				CLANG_WARN_OBJC_ROOT_CLASS = YES_ERROR;
				CLANG_WARN_UNREACHABLE_CODE = YES;
				CLANG_WARN__DUPLICATE_METHOD_MATCH = YES;
				"CODE_SIGN_IDENTITY[sdk=iphoneos*]" = "iPhone Developer";
				COPY_PHASE_STRIP = NO;
				DEBUG_INFORMATION_FORMAT = "dwarf-with-dsym";
				ENABLE_NS_ASSERTIONS = NO;
				ENABLE_STRICT_OBJC_MSGSEND = YES;
				GCC_C_LANGUAGE_STANDARD = gnu99;
				GCC_NO_COMMON_BLOCKS = YES;
				GCC_WARN_64_TO_32_BIT_CONVERSION = YES;
				GCC_WARN_ABOUT_RETURN_TYPE = YES_ERROR;
				GCC_WARN_UNDECLARED_SELECTOR = YES;
				GCC_WARN_UNINITIALIZED_AUTOS = YES_AGGRESSIVE;
				GCC_WARN_UNUSED_FUNCTION = YES;
				GCC_WARN_UNUSED_VARIABLE = YES;
				IPHONEOS_DEPLOYMENT_TARGET = 9.2;
				MTL_ENABLE_DEBUG_INFO = NO;
				SDKROOT = iphoneos;
				VALIDATE_PRODUCT = YES;
			};
			name = Release;
		};
		C250B5C31C5FB2120004FBF9 /* Debug */ = {
			isa = XCBuildConfiguration;
			buildSettings = {
				ASSETCATALOG_COMPILER_APPICON_NAME = AppIcon;
				INFOPLIST_FILE = Workshop/Info.plist;
				LD_RUNPATH_SEARCH_PATHS = "$(inherited) @executable_path/Frameworks";
				PRODUCT_BUNDLE_IDENTIFIER = HYPH.Workshop;
				PRODUCT_NAME = "$(TARGET_NAME)";
			};
			name = Debug;
		};
		C250B5C41C5FB2120004FBF9 /* Release */ = {
			isa = XCBuildConfiguration;
			buildSettings = {
				ASSETCATALOG_COMPILER_APPICON_NAME = AppIcon;
				INFOPLIST_FILE = Workshop/Info.plist;
				LD_RUNPATH_SEARCH_PATHS = "$(inherited) @executable_path/Frameworks";
				PRODUCT_BUNDLE_IDENTIFIER = HYPH.Workshop;
				PRODUCT_NAME = "$(TARGET_NAME)";
			};
			name = Release;
		};
		C250B5C61C5FB2120004FBF9 /* Debug */ = {
			isa = XCBuildConfiguration;
			buildSettings = {
				BUNDLE_LOADER = "$(TEST_HOST)";
				INFOPLIST_FILE = WorkshopTests/Info.plist;
				LD_RUNPATH_SEARCH_PATHS = "$(inherited) @executable_path/Frameworks @loader_path/Frameworks";
				PRODUCT_BUNDLE_IDENTIFIER = HYPH.WorkshopTests;
				PRODUCT_NAME = "$(TARGET_NAME)";
				TEST_HOST = "$(BUILT_PRODUCTS_DIR)/Workshop.app/Workshop";
			};
			name = Debug;
		};
		C250B5C71C5FB2120004FBF9 /* Release */ = {
			isa = XCBuildConfiguration;
			buildSettings = {
				BUNDLE_LOADER = "$(TEST_HOST)";
				INFOPLIST_FILE = WorkshopTests/Info.plist;
				LD_RUNPATH_SEARCH_PATHS = "$(inherited) @executable_path/Frameworks @loader_path/Frameworks";
				PRODUCT_BUNDLE_IDENTIFIER = HYPH.WorkshopTests;
				PRODUCT_NAME = "$(TARGET_NAME)";
				TEST_HOST = "$(BUILT_PRODUCTS_DIR)/Workshop.app/Workshop";
			};
			name = Release;
		};
/* End XCBuildConfiguration section */

/* Begin XCConfigurationList section */
		C250B5A01C5FB2120004FBF9 /* Build configuration list for PBXProject "Workshop" */ = {
			isa = XCConfigurationList;
			buildConfigurations = (
				C250B5C01C5FB2120004FBF9 /* Debug */,
				C250B5C11C5FB2120004FBF9 /* Release */,
			);
			defaultConfigurationIsVisible = 0;
			defaultConfigurationName = Release;
		};
		C250B5C21C5FB2120004FBF9 /* Build configuration list for PBXNativeTarget "Workshop" */ = {
			isa = XCConfigurationList;
			buildConfigurations = (
				C250B5C31C5FB2120004FBF9 /* Debug */,
				C250B5C41C5FB2120004FBF9 /* Release */,
			);
			defaultConfigurationIsVisible = 0;
		};
		C250B5C51C5FB2120004FBF9 /* Build configuration list for PBXNativeTarget "WorkshopTests" */ = {
			isa = XCConfigurationList;
			buildConfigurations = (
				C250B5C61C5FB2120004FBF9 /* Debug */,
				C250B5C71C5FB2120004FBF9 /* Release */,
			);
			defaultConfigurationIsVisible = 0;
		};
/* End XCConfigurationList section */
	};
	rootObject = C250B59D1C5FB2120004FBF9 /* Project object */;
}
